// !$*UTF8*$!
{
	archiveVersion = 1;
	classes = {
	};
	objectVersion = 55;
	objects = {

/* Begin PBXBuildFile section */
		902F02AF28CA4C81006BB929 /* AppDelegate.swift in Sources */ = {isa = PBXBuildFile; fileRef = 902F02AE28CA4C81006BB929 /* AppDelegate.swift */; };
		902F02B128CA4C81006BB929 /* SceneDelegate.swift in Sources */ = {isa = PBXBuildFile; fileRef = 902F02B028CA4C81006BB929 /* SceneDelegate.swift */; };
		902F02B328CA4C81006BB929 /* HomeViewController.swift in Sources */ = {isa = PBXBuildFile; fileRef = 902F02B228CA4C81006BB929 /* HomeViewController.swift */; };
		902F02B628CA4C81006BB929 /* Main.storyboard in Resources */ = {isa = PBXBuildFile; fileRef = 902F02B428CA4C81006BB929 /* Main.storyboard */; };
		902F02B828CA4C84006BB929 /* Assets.xcassets in Resources */ = {isa = PBXBuildFile; fileRef = 902F02B728CA4C84006BB929 /* Assets.xcassets */; };
		902F02BB28CA4C84006BB929 /* LaunchScreen.storyboard in Resources */ = {isa = PBXBuildFile; fileRef = 902F02B928CA4C84006BB929 /* LaunchScreen.storyboard */; };
		902F02C628CA4C85006BB929 /* APODTests.swift in Sources */ = {isa = PBXBuildFile; fileRef = 902F02C528CA4C85006BB929 /* APODTests.swift */; };
		902F02D028CA4C85006BB929 /* APODUITests.swift in Sources */ = {isa = PBXBuildFile; fileRef = 902F02CF28CA4C85006BB929 /* APODUITests.swift */; };
		902F02D228CA4C85006BB929 /* APODUITestsLaunchTests.swift in Sources */ = {isa = PBXBuildFile; fileRef = 902F02D128CA4C85006BB929 /* APODUITestsLaunchTests.swift */; };
		902F02E628CA55DC006BB929 /* Constants.swift in Sources */ = {isa = PBXBuildFile; fileRef = 902F02E528CA55DC006BB929 /* Constants.swift */; };
		902F02E928CA56A7006BB929 /* Localizable.strings in Resources */ = {isa = PBXBuildFile; fileRef = 902F02EB28CA56A7006BB929 /* Localizable.strings */; };
		902F02F128CA59EC006BB929 /* HomePresenter.swift in Sources */ = {isa = PBXBuildFile; fileRef = 902F02F028CA59EC006BB929 /* HomePresenter.swift */; };
		902F02F328CA5AE9006BB929 /* HomeService.swift in Sources */ = {isa = PBXBuildFile; fileRef = 902F02F228CA5AE9006BB929 /* HomeService.swift */; };
		902F02F528CA5BDB006BB929 /* HomeView.swift in Sources */ = {isa = PBXBuildFile; fileRef = 902F02F428CA5BDB006BB929 /* HomeView.swift */; };
		902F02F728CA6288006BB929 /* NetworkManager.swift in Sources */ = {isa = PBXBuildFile; fileRef = 902F02F628CA6288006BB929 /* NetworkManager.swift */; };
		902F02FA28CA6715006BB929 /* Picture.swift in Sources */ = {isa = PBXBuildFile; fileRef = 902F02F928CA6715006BB929 /* Picture.swift */; };
		902F02FC28CA75C9006BB929 /* FavouritesViewController.swift in Sources */ = {isa = PBXBuildFile; fileRef = 902F02FB28CA75C9006BB929 /* FavouritesViewController.swift */; };
		902F02FF28CB1454006BB929 /* ImageViewExtension.swift in Sources */ = {isa = PBXBuildFile; fileRef = 902F02FE28CB1454006BB929 /* ImageViewExtension.swift */; };
		902F030128CB146D006BB929 /* ImageDownloadManager.swift in Sources */ = {isa = PBXBuildFile; fileRef = 902F030028CB146D006BB929 /* ImageDownloadManager.swift */; };
		902F030328CB1486006BB929 /* ImageDownloader.swift in Sources */ = {isa = PBXBuildFile; fileRef = 902F030228CB1486006BB929 /* ImageDownloader.swift */; };
		902F030528CB1BEE006BB929 /* Storage.swift in Sources */ = {isa = PBXBuildFile; fileRef = 902F030428CB1BEE006BB929 /* Storage.swift */; };
		902F030828CB23F7006BB929 /* ImageExtension.swift in Sources */ = {isa = PBXBuildFile; fileRef = 902F030728CB23F7006BB929 /* ImageExtension.swift */; };
		902F030A28CB39FB006BB929 /* Reachability.swift in Sources */ = {isa = PBXBuildFile; fileRef = 902F030928CB39FB006BB929 /* Reachability.swift */; };
		902F030C28CB5260006BB929 /* DatePickerView.swift in Sources */ = {isa = PBXBuildFile; fileRef = 902F030B28CB5260006BB929 /* DatePickerView.swift */; };
		902F030E28CB52D4006BB929 /* DatePickerView.xib in Resources */ = {isa = PBXBuildFile; fileRef = 902F030D28CB52D4006BB929 /* DatePickerView.xib */; };
		902F031028CB6A9E006BB929 /* DateExtension.swift in Sources */ = {isa = PBXBuildFile; fileRef = 902F030F28CB6A9E006BB929 /* DateExtension.swift */; };
		902F031628CB9F4E006BB929 /* Model.xcdatamodeld in Sources */ = {isa = PBXBuildFile; fileRef = 902F031428CB9F4E006BB929 /* Model.xcdatamodeld */; };
		9095F8D128CBB6C90011DFC5 /* FavouritesAdapter.swift in Sources */ = {isa = PBXBuildFile; fileRef = 9095F8D028CBB6C90011DFC5 /* FavouritesAdapter.swift */; };
		9095F8D328CBB7500011DFC5 /* FavouriteTableViewCell.swift in Sources */ = {isa = PBXBuildFile; fileRef = 9095F8D228CBB7500011DFC5 /* FavouriteTableViewCell.swift */; };
		9095F8D528CBB79D0011DFC5 /* FavouriteTableViewCell.xib in Resources */ = {isa = PBXBuildFile; fileRef = 9095F8D428CBB79D0011DFC5 /* FavouriteTableViewCell.xib */; };
		9095F8D728CBB9EC0011DFC5 /* FavouritesPresenter.swift in Sources */ = {isa = PBXBuildFile; fileRef = 9095F8D628CBB9EC0011DFC5 /* FavouritesPresenter.swift */; };
		9095F8D928CBBB420011DFC5 /* FavouritesView.swift in Sources */ = {isa = PBXBuildFile; fileRef = 9095F8D828CBBB420011DFC5 /* FavouritesView.swift */; };
		9095F8DD28CBD37F0011DFC5 /* FavouritesDetailViewController.swift in Sources */ = {isa = PBXBuildFile; fileRef = 9095F8DC28CBD37F0011DFC5 /* FavouritesDetailViewController.swift */; };
		9095F8E028CBD3BC0011DFC5 /* FavouritesDetailView.swift in Sources */ = {isa = PBXBuildFile; fileRef = 9095F8DF28CBD3BC0011DFC5 /* FavouritesDetailView.swift */; };
		9095F8E428CBD3F80011DFC5 /* FavouritesDetailPresenter.swift in Sources */ = {isa = PBXBuildFile; fileRef = 9095F8E328CBD3F80011DFC5 /* FavouritesDetailPresenter.swift */; };
/* End PBXBuildFile section */

/* Begin PBXContainerItemProxy section */
		902F02C228CA4C85006BB929 /* PBXContainerItemProxy */ = {
			isa = PBXContainerItemProxy;
			containerPortal = 902F02A328CA4C81006BB929 /* Project object */;
			proxyType = 1;
			remoteGlobalIDString = 902F02AA28CA4C81006BB929;
			remoteInfo = APOD;
		};
		902F02CC28CA4C85006BB929 /* PBXContainerItemProxy */ = {
			isa = PBXContainerItemProxy;
			containerPortal = 902F02A328CA4C81006BB929 /* Project object */;
			proxyType = 1;
			remoteGlobalIDString = 902F02AA28CA4C81006BB929;
			remoteInfo = APOD;
		};
/* End PBXContainerItemProxy section */

/* Begin PBXFileReference section */
		902F02AB28CA4C81006BB929 /* APOD.app */ = {isa = PBXFileReference; explicitFileType = wrapper.application; includeInIndex = 0; path = APOD.app; sourceTree = BUILT_PRODUCTS_DIR; };
		902F02AE28CA4C81006BB929 /* AppDelegate.swift */ = {isa = PBXFileReference; lastKnownFileType = sourcecode.swift; path = AppDelegate.swift; sourceTree = "<group>"; };
		902F02B028CA4C81006BB929 /* SceneDelegate.swift */ = {isa = PBXFileReference; lastKnownFileType = sourcecode.swift; path = SceneDelegate.swift; sourceTree = "<group>"; };
		902F02B228CA4C81006BB929 /* HomeViewController.swift */ = {isa = PBXFileReference; lastKnownFileType = sourcecode.swift; path = HomeViewController.swift; sourceTree = "<group>"; };
		902F02B528CA4C81006BB929 /* Base */ = {isa = PBXFileReference; lastKnownFileType = file.storyboard; name = Base; path = Base.lproj/Main.storyboard; sourceTree = "<group>"; };
		902F02B728CA4C84006BB929 /* Assets.xcassets */ = {isa = PBXFileReference; lastKnownFileType = folder.assetcatalog; path = Assets.xcassets; sourceTree = "<group>"; };
		902F02BA28CA4C84006BB929 /* Base */ = {isa = PBXFileReference; lastKnownFileType = file.storyboard; name = Base; path = Base.lproj/LaunchScreen.storyboard; sourceTree = "<group>"; };
		902F02BC28CA4C84006BB929 /* Info.plist */ = {isa = PBXFileReference; lastKnownFileType = text.plist.xml; path = Info.plist; sourceTree = "<group>"; };
		902F02C128CA4C85006BB929 /* APODTests.xctest */ = {isa = PBXFileReference; explicitFileType = wrapper.cfbundle; includeInIndex = 0; path = APODTests.xctest; sourceTree = BUILT_PRODUCTS_DIR; };
		902F02C528CA4C85006BB929 /* APODTests.swift */ = {isa = PBXFileReference; lastKnownFileType = sourcecode.swift; path = APODTests.swift; sourceTree = "<group>"; };
		902F02CB28CA4C85006BB929 /* APODUITests.xctest */ = {isa = PBXFileReference; explicitFileType = wrapper.cfbundle; includeInIndex = 0; path = APODUITests.xctest; sourceTree = BUILT_PRODUCTS_DIR; };
		902F02CF28CA4C85006BB929 /* APODUITests.swift */ = {isa = PBXFileReference; lastKnownFileType = sourcecode.swift; path = APODUITests.swift; sourceTree = "<group>"; };
		902F02D128CA4C85006BB929 /* APODUITestsLaunchTests.swift */ = {isa = PBXFileReference; lastKnownFileType = sourcecode.swift; path = APODUITestsLaunchTests.swift; sourceTree = "<group>"; };
		902F02E528CA55DC006BB929 /* Constants.swift */ = {isa = PBXFileReference; lastKnownFileType = sourcecode.swift; path = Constants.swift; sourceTree = "<group>"; };
		902F02EA28CA56A7006BB929 /* en */ = {isa = PBXFileReference; lastKnownFileType = text.plist.strings; name = en; path = en.lproj/Localizable.strings; sourceTree = "<group>"; };
		902F02F028CA59EC006BB929 /* HomePresenter.swift */ = {isa = PBXFileReference; lastKnownFileType = sourcecode.swift; path = HomePresenter.swift; sourceTree = "<group>"; };
		902F02F228CA5AE9006BB929 /* HomeService.swift */ = {isa = PBXFileReference; lastKnownFileType = sourcecode.swift; path = HomeService.swift; sourceTree = "<group>"; };
		902F02F428CA5BDB006BB929 /* HomeView.swift */ = {isa = PBXFileReference; lastKnownFileType = sourcecode.swift; path = HomeView.swift; sourceTree = "<group>"; };
		902F02F628CA6288006BB929 /* NetworkManager.swift */ = {isa = PBXFileReference; lastKnownFileType = sourcecode.swift; path = NetworkManager.swift; sourceTree = "<group>"; };
		902F02F928CA6715006BB929 /* Picture.swift */ = {isa = PBXFileReference; lastKnownFileType = sourcecode.swift; path = Picture.swift; sourceTree = "<group>"; };
		902F02FB28CA75C9006BB929 /* FavouritesViewController.swift */ = {isa = PBXFileReference; lastKnownFileType = sourcecode.swift; path = FavouritesViewController.swift; sourceTree = "<group>"; };
		902F02FE28CB1454006BB929 /* ImageViewExtension.swift */ = {isa = PBXFileReference; lastKnownFileType = sourcecode.swift; path = ImageViewExtension.swift; sourceTree = "<group>"; };
		902F030028CB146D006BB929 /* ImageDownloadManager.swift */ = {isa = PBXFileReference; lastKnownFileType = sourcecode.swift; path = ImageDownloadManager.swift; sourceTree = "<group>"; };
		902F030228CB1486006BB929 /* ImageDownloader.swift */ = {isa = PBXFileReference; lastKnownFileType = sourcecode.swift; path = ImageDownloader.swift; sourceTree = "<group>"; };
		902F030428CB1BEE006BB929 /* Storage.swift */ = {isa = PBXFileReference; lastKnownFileType = sourcecode.swift; path = Storage.swift; sourceTree = "<group>"; };
		902F030728CB23F7006BB929 /* ImageExtension.swift */ = {isa = PBXFileReference; lastKnownFileType = sourcecode.swift; path = ImageExtension.swift; sourceTree = "<group>"; };
		902F030928CB39FB006BB929 /* Reachability.swift */ = {isa = PBXFileReference; lastKnownFileType = sourcecode.swift; path = Reachability.swift; sourceTree = "<group>"; };
		902F030B28CB5260006BB929 /* DatePickerView.swift */ = {isa = PBXFileReference; lastKnownFileType = sourcecode.swift; path = DatePickerView.swift; sourceTree = "<group>"; };
		902F030D28CB52D4006BB929 /* DatePickerView.xib */ = {isa = PBXFileReference; lastKnownFileType = file.xib; path = DatePickerView.xib; sourceTree = "<group>"; };
		902F030F28CB6A9E006BB929 /* DateExtension.swift */ = {isa = PBXFileReference; lastKnownFileType = sourcecode.swift; path = DateExtension.swift; sourceTree = "<group>"; };
		902F031528CB9F4E006BB929 /* Favourites.xcdatamodel */ = {isa = PBXFileReference; lastKnownFileType = wrapper.xcdatamodel; path = Favourites.xcdatamodel; sourceTree = "<group>"; };
		9095F8D028CBB6C90011DFC5 /* FavouritesAdapter.swift */ = {isa = PBXFileReference; lastKnownFileType = sourcecode.swift; path = FavouritesAdapter.swift; sourceTree = "<group>"; };
		9095F8D228CBB7500011DFC5 /* FavouriteTableViewCell.swift */ = {isa = PBXFileReference; lastKnownFileType = sourcecode.swift; path = FavouriteTableViewCell.swift; sourceTree = "<group>"; };
		9095F8D428CBB79D0011DFC5 /* FavouriteTableViewCell.xib */ = {isa = PBXFileReference; lastKnownFileType = file.xib; path = FavouriteTableViewCell.xib; sourceTree = "<group>"; };
		9095F8D628CBB9EC0011DFC5 /* FavouritesPresenter.swift */ = {isa = PBXFileReference; lastKnownFileType = sourcecode.swift; path = FavouritesPresenter.swift; sourceTree = "<group>"; };
		9095F8D828CBBB420011DFC5 /* FavouritesView.swift */ = {isa = PBXFileReference; lastKnownFileType = sourcecode.swift; path = FavouritesView.swift; sourceTree = "<group>"; };
		9095F8DC28CBD37F0011DFC5 /* FavouritesDetailViewController.swift */ = {isa = PBXFileReference; lastKnownFileType = sourcecode.swift; path = FavouritesDetailViewController.swift; sourceTree = "<group>"; };
		9095F8DF28CBD3BC0011DFC5 /* FavouritesDetailView.swift */ = {isa = PBXFileReference; lastKnownFileType = sourcecode.swift; path = FavouritesDetailView.swift; sourceTree = "<group>"; };
		9095F8E328CBD3F80011DFC5 /* FavouritesDetailPresenter.swift */ = {isa = PBXFileReference; lastKnownFileType = sourcecode.swift; path = FavouritesDetailPresenter.swift; sourceTree = "<group>"; };
/* End PBXFileReference section */

/* Begin PBXFrameworksBuildPhase section */
		902F02A828CA4C81006BB929 /* Frameworks */ = {
			isa = PBXFrameworksBuildPhase;
			buildActionMask = 2147483647;
			files = (
			);
			runOnlyForDeploymentPostprocessing = 0;
		};
		902F02BE28CA4C85006BB929 /* Frameworks */ = {
			isa = PBXFrameworksBuildPhase;
			buildActionMask = 2147483647;
			files = (
			);
			runOnlyForDeploymentPostprocessing = 0;
		};
		902F02C828CA4C85006BB929 /* Frameworks */ = {
			isa = PBXFrameworksBuildPhase;
			buildActionMask = 2147483647;
			files = (
			);
			runOnlyForDeploymentPostprocessing = 0;
		};
/* End PBXFrameworksBuildPhase section */

/* Begin PBXGroup section */
		902F02A228CA4C81006BB929 = {
			isa = PBXGroup;
			children = (
				902F031428CB9F4E006BB929 /* Model.xcdatamodeld */,
				902F02AD28CA4C81006BB929 /* APOD */,
				902F02C428CA4C85006BB929 /* APODTests */,
				902F02CE28CA4C85006BB929 /* APODUITests */,
				902F02AC28CA4C81006BB929 /* Products */,
			);
			sourceTree = "<group>";
		};
		902F02AC28CA4C81006BB929 /* Products */ = {
			isa = PBXGroup;
			children = (
				902F02AB28CA4C81006BB929 /* APOD.app */,
				902F02C128CA4C85006BB929 /* APODTests.xctest */,
				902F02CB28CA4C85006BB929 /* APODUITests.xctest */,
			);
			name = Products;
			sourceTree = "<group>";
		};
		902F02AD28CA4C81006BB929 /* APOD */ = {
			isa = PBXGroup;
			children = (
				902F02F828CA6498006BB929 /* Generic */,
				902F02E428CA55AD006BB929 /* Common */,
				902F02DE28CA4C98006BB929 /* AppSpecific */,
				902F02DF28CA4CD7006BB929 /* Modules */,
				902F02B428CA4C81006BB929 /* Main.storyboard */,
				902F02B728CA4C84006BB929 /* Assets.xcassets */,
				902F02B928CA4C84006BB929 /* LaunchScreen.storyboard */,
				902F02BC28CA4C84006BB929 /* Info.plist */,
			);
			path = APOD;
			sourceTree = "<group>";
		};
		902F02C428CA4C85006BB929 /* APODTests */ = {
			isa = PBXGroup;
			children = (
				902F02C528CA4C85006BB929 /* APODTests.swift */,
			);
			path = APODTests;
			sourceTree = "<group>";
		};
		902F02CE28CA4C85006BB929 /* APODUITests */ = {
			isa = PBXGroup;
			children = (
				902F02CF28CA4C85006BB929 /* APODUITests.swift */,
				902F02D128CA4C85006BB929 /* APODUITestsLaunchTests.swift */,
			);
			path = APODUITests;
			sourceTree = "<group>";
		};
		902F02DE28CA4C98006BB929 /* AppSpecific */ = {
			isa = PBXGroup;
			children = (
				902F02AE28CA4C81006BB929 /* AppDelegate.swift */,
				902F02B028CA4C81006BB929 /* SceneDelegate.swift */,
			);
			path = AppSpecific;
			sourceTree = "<group>";
		};
		902F02DF28CA4CD7006BB929 /* Modules */ = {
			isa = PBXGroup;
			children = (
				902F02E028CA4CF5006BB929 /* Home */,
				902F02E128CA4D0A006BB929 /* Favourites */,
				9095F8DB28CBD34D0011DFC5 /* FavouritesDetail */,
			);
			path = Modules;
			sourceTree = "<group>";
		};
		902F02E028CA4CF5006BB929 /* Home */ = {
			isa = PBXGroup;
			children = (
				902F02B228CA4C81006BB929 /* HomeViewController.swift */,
				902F02F028CA59EC006BB929 /* HomePresenter.swift */,
				902F02F228CA5AE9006BB929 /* HomeService.swift */,
				902F02E328CA4D9C006BB929 /* Models */,
				902F02E228CA4D95006BB929 /* Views */,
			);
			path = Home;
			sourceTree = "<group>";
		};
		902F02E128CA4D0A006BB929 /* Favourites */ = {
			isa = PBXGroup;
			children = (
				9095F8DA28CBD0230011DFC5 /* Views */,
				902F02FB28CA75C9006BB929 /* FavouritesViewController.swift */,
				9095F8D028CBB6C90011DFC5 /* FavouritesAdapter.swift */,
				9095F8D628CBB9EC0011DFC5 /* FavouritesPresenter.swift */,
			);
			path = Favourites;
			sourceTree = "<group>";
		};
		902F02E228CA4D95006BB929 /* Views */ = {
			isa = PBXGroup;
			children = (
				902F02F428CA5BDB006BB929 /* HomeView.swift */,
				902F030B28CB5260006BB929 /* DatePickerView.swift */,
				902F030D28CB52D4006BB929 /* DatePickerView.xib */,
			);
			path = Views;
			sourceTree = "<group>";
		};
		902F02E328CA4D9C006BB929 /* Models */ = {
			isa = PBXGroup;
			children = (
				902F02F928CA6715006BB929 /* Picture.swift */,
			);
			path = Models;
			sourceTree = "<group>";
		};
		902F02E428CA55AD006BB929 /* Common */ = {
			isa = PBXGroup;
			children = (
				902F030628CB1DA7006BB929 /* Extensions */,
				902F02E528CA55DC006BB929 /* Constants.swift */,
				902F02EB28CA56A7006BB929 /* Localizable.strings */,
				902F030428CB1BEE006BB929 /* Storage.swift */,
			);
			path = Common;
			sourceTree = "<group>";
		};
		902F02F828CA6498006BB929 /* Generic */ = {
			isa = PBXGroup;
			children = (
				902F02FD28CB13CD006BB929 /* ImageDownloader */,
				902F02F628CA6288006BB929 /* NetworkManager.swift */,
				902F030928CB39FB006BB929 /* Reachability.swift */,
			);
			path = Generic;
			sourceTree = "<group>";
		};
		902F02FD28CB13CD006BB929 /* ImageDownloader */ = {
			isa = PBXGroup;
			children = (
				902F030028CB146D006BB929 /* ImageDownloadManager.swift */,
				902F030228CB1486006BB929 /* ImageDownloader.swift */,
			);
			path = ImageDownloader;
			sourceTree = "<group>";
		};
		902F030628CB1DA7006BB929 /* Extensions */ = {
			isa = PBXGroup;
			children = (
				902F02FE28CB1454006BB929 /* ImageViewExtension.swift */,
				902F030728CB23F7006BB929 /* ImageExtension.swift */,
				902F030F28CB6A9E006BB929 /* DateExtension.swift */,
			);
			path = Extensions;
			sourceTree = "<group>";
		};
		9095F8DA28CBD0230011DFC5 /* Views */ = {
			isa = PBXGroup;
			children = (
				9095F8D828CBBB420011DFC5 /* FavouritesView.swift */,
				9095F8D428CBB79D0011DFC5 /* FavouriteTableViewCell.xib */,
				9095F8D228CBB7500011DFC5 /* FavouriteTableViewCell.swift */,
			);
			path = Views;
			sourceTree = "<group>";
		};
		9095F8DB28CBD34D0011DFC5 /* FavouritesDetail */ = {
			isa = PBXGroup;
			children = (
				9095F8E328CBD3F80011DFC5 /* FavouritesDetailPresenter.swift */,
				9095F8DE28CBD39D0011DFC5 /* Views */,
				9095F8DC28CBD37F0011DFC5 /* FavouritesDetailViewController.swift */,
			);
			path = FavouritesDetail;
			sourceTree = "<group>";
		};
		9095F8DE28CBD39D0011DFC5 /* Views */ = {
			isa = PBXGroup;
			children = (
				9095F8DF28CBD3BC0011DFC5 /* FavouritesDetailView.swift */,
			);
			path = Views;
			sourceTree = "<group>";
		};
/* End PBXGroup section */

/* Begin PBXNativeTarget section */
		902F02AA28CA4C81006BB929 /* APOD */ = {
			isa = PBXNativeTarget;
			buildConfigurationList = 902F02D528CA4C85006BB929 /* Build configuration list for PBXNativeTarget "APOD" */;
			buildPhases = (
				902F02A728CA4C81006BB929 /* Sources */,
				902F02A828CA4C81006BB929 /* Frameworks */,
				902F02A928CA4C81006BB929 /* Resources */,
			);
			buildRules = (
			);
			dependencies = (
			);
			name = APOD;
			productName = APOD;
			productReference = 902F02AB28CA4C81006BB929 /* APOD.app */;
			productType = "com.apple.product-type.application";
		};
		902F02C028CA4C85006BB929 /* APODTests */ = {
			isa = PBXNativeTarget;
			buildConfigurationList = 902F02D828CA4C85006BB929 /* Build configuration list for PBXNativeTarget "APODTests" */;
			buildPhases = (
				902F02BD28CA4C85006BB929 /* Sources */,
				902F02BE28CA4C85006BB929 /* Frameworks */,
				902F02BF28CA4C85006BB929 /* Resources */,
			);
			buildRules = (
			);
			dependencies = (
				902F02C328CA4C85006BB929 /* PBXTargetDependency */,
			);
			name = APODTests;
			productName = APODTests;
			productReference = 902F02C128CA4C85006BB929 /* APODTests.xctest */;
			productType = "com.apple.product-type.bundle.unit-test";
		};
		902F02CA28CA4C85006BB929 /* APODUITests */ = {
			isa = PBXNativeTarget;
			buildConfigurationList = 902F02DB28CA4C85006BB929 /* Build configuration list for PBXNativeTarget "APODUITests" */;
			buildPhases = (
				902F02C728CA4C85006BB929 /* Sources */,
				902F02C828CA4C85006BB929 /* Frameworks */,
				902F02C928CA4C85006BB929 /* Resources */,
			);
			buildRules = (
			);
			dependencies = (
				902F02CD28CA4C85006BB929 /* PBXTargetDependency */,
			);
			name = APODUITests;
			productName = APODUITests;
			productReference = 902F02CB28CA4C85006BB929 /* APODUITests.xctest */;
			productType = "com.apple.product-type.bundle.ui-testing";
		};
/* End PBXNativeTarget section */

/* Begin PBXProject section */
		902F02A328CA4C81006BB929 /* Project object */ = {
			isa = PBXProject;
			attributes = {
				BuildIndependentTargetsInParallel = 1;
				LastSwiftUpdateCheck = 1340;
				LastUpgradeCheck = 1340;
				TargetAttributes = {
					902F02AA28CA4C81006BB929 = {
						CreatedOnToolsVersion = 13.4.1;
					};
					902F02C028CA4C85006BB929 = {
						CreatedOnToolsVersion = 13.4.1;
						TestTargetID = 902F02AA28CA4C81006BB929;
					};
					902F02CA28CA4C85006BB929 = {
						CreatedOnToolsVersion = 13.4.1;
						TestTargetID = 902F02AA28CA4C81006BB929;
					};
				};
			};
			buildConfigurationList = 902F02A628CA4C81006BB929 /* Build configuration list for PBXProject "APOD" */;
			compatibilityVersion = "Xcode 13.0";
			developmentRegion = en;
			hasScannedForEncodings = 0;
			knownRegions = (
				en,
				Base,
			);
			mainGroup = 902F02A228CA4C81006BB929;
			productRefGroup = 902F02AC28CA4C81006BB929 /* Products */;
			projectDirPath = "";
			projectRoot = "";
			targets = (
				902F02AA28CA4C81006BB929 /* APOD */,
				902F02C028CA4C85006BB929 /* APODTests */,
				902F02CA28CA4C85006BB929 /* APODUITests */,
			);
		};
/* End PBXProject section */

/* Begin PBXResourcesBuildPhase section */
		902F02A928CA4C81006BB929 /* Resources */ = {
			isa = PBXResourcesBuildPhase;
			buildActionMask = 2147483647;
			files = (
				902F02BB28CA4C84006BB929 /* LaunchScreen.storyboard in Resources */,
				902F02E928CA56A7006BB929 /* Localizable.strings in Resources */,
				902F02B828CA4C84006BB929 /* Assets.xcassets in Resources */,
				902F030E28CB52D4006BB929 /* DatePickerView.xib in Resources */,
				902F02B628CA4C81006BB929 /* Main.storyboard in Resources */,
				9095F8D528CBB79D0011DFC5 /* FavouriteTableViewCell.xib in Resources */,
			);
			runOnlyForDeploymentPostprocessing = 0;
		};
		902F02BF28CA4C85006BB929 /* Resources */ = {
			isa = PBXResourcesBuildPhase;
			buildActionMask = 2147483647;
			files = (
			);
			runOnlyForDeploymentPostprocessing = 0;
		};
		902F02C928CA4C85006BB929 /* Resources */ = {
			isa = PBXResourcesBuildPhase;
			buildActionMask = 2147483647;
			files = (
			);
			runOnlyForDeploymentPostprocessing = 0;
		};
/* End PBXResourcesBuildPhase section */

/* Begin PBXSourcesBuildPhase section */
		902F02A728CA4C81006BB929 /* Sources */ = {
			isa = PBXSourcesBuildPhase;
			buildActionMask = 2147483647;
			files = (
				902F02FA28CA6715006BB929 /* Picture.swift in Sources */,
				902F030528CB1BEE006BB929 /* Storage.swift in Sources */,
				902F02F328CA5AE9006BB929 /* HomeService.swift in Sources */,
				902F030328CB1486006BB929 /* ImageDownloader.swift in Sources */,
				9095F8D328CBB7500011DFC5 /* FavouriteTableViewCell.swift in Sources */,
				902F02F528CA5BDB006BB929 /* HomeView.swift in Sources */,
				902F030128CB146D006BB929 /* ImageDownloadManager.swift in Sources */,
				902F02B328CA4C81006BB929 /* HomeViewController.swift in Sources */,
				902F02AF28CA4C81006BB929 /* AppDelegate.swift in Sources */,
				9095F8E428CBD3F80011DFC5 /* FavouritesDetailPresenter.swift in Sources */,
				902F02FF28CB1454006BB929 /* ImageViewExtension.swift in Sources */,
				902F030C28CB5260006BB929 /* DatePickerView.swift in Sources */,
				902F02F728CA6288006BB929 /* NetworkManager.swift in Sources */,
				9095F8E028CBD3BC0011DFC5 /* FavouritesDetailView.swift in Sources */,
				9095F8D728CBB9EC0011DFC5 /* FavouritesPresenter.swift in Sources */,
				902F02B128CA4C81006BB929 /* SceneDelegate.swift in Sources */,
				902F02F128CA59EC006BB929 /* HomePresenter.swift in Sources */,
				902F031028CB6A9E006BB929 /* DateExtension.swift in Sources */,
				9095F8D928CBBB420011DFC5 /* FavouritesView.swift in Sources */,
				9095F8DD28CBD37F0011DFC5 /* FavouritesDetailViewController.swift in Sources */,
				902F02FC28CA75C9006BB929 /* FavouritesViewController.swift in Sources */,
				9095F8D128CBB6C90011DFC5 /* FavouritesAdapter.swift in Sources */,
				902F031628CB9F4E006BB929 /* Model.xcdatamodeld in Sources */,
				902F030828CB23F7006BB929 /* ImageExtension.swift in Sources */,
				902F030A28CB39FB006BB929 /* Reachability.swift in Sources */,
				902F02E628CA55DC006BB929 /* Constants.swift in Sources */,
			);
			runOnlyForDeploymentPostprocessing = 0;
		};
		902F02BD28CA4C85006BB929 /* Sources */ = {
			isa = PBXSourcesBuildPhase;
			buildActionMask = 2147483647;
			files = (
				902F02C628CA4C85006BB929 /* APODTests.swift in Sources */,
			);
			runOnlyForDeploymentPostprocessing = 0;
		};
		902F02C728CA4C85006BB929 /* Sources */ = {
			isa = PBXSourcesBuildPhase;
			buildActionMask = 2147483647;
			files = (
				902F02D228CA4C85006BB929 /* APODUITestsLaunchTests.swift in Sources */,
				902F02D028CA4C85006BB929 /* APODUITests.swift in Sources */,
			);
			runOnlyForDeploymentPostprocessing = 0;
		};
/* End PBXSourcesBuildPhase section */

/* Begin PBXTargetDependency section */
		902F02C328CA4C85006BB929 /* PBXTargetDependency */ = {
			isa = PBXTargetDependency;
			target = 902F02AA28CA4C81006BB929 /* APOD */;
			targetProxy = 902F02C228CA4C85006BB929 /* PBXContainerItemProxy */;
		};
		902F02CD28CA4C85006BB929 /* PBXTargetDependency */ = {
			isa = PBXTargetDependency;
			target = 902F02AA28CA4C81006BB929 /* APOD */;
			targetProxy = 902F02CC28CA4C85006BB929 /* PBXContainerItemProxy */;
		};
/* End PBXTargetDependency section */

/* Begin PBXVariantGroup section */
		902F02B428CA4C81006BB929 /* Main.storyboard */ = {
			isa = PBXVariantGroup;
			children = (
				902F02B528CA4C81006BB929 /* Base */,
			);
			name = Main.storyboard;
			sourceTree = "<group>";
		};
		902F02B928CA4C84006BB929 /* LaunchScreen.storyboard */ = {
			isa = PBXVariantGroup;
			children = (
				902F02BA28CA4C84006BB929 /* Base */,
			);
			name = LaunchScreen.storyboard;
			sourceTree = "<group>";
		};
		902F02EB28CA56A7006BB929 /* Localizable.strings */ = {
			isa = PBXVariantGroup;
			children = (
				902F02EA28CA56A7006BB929 /* en */,
			);
			name = Localizable.strings;
			sourceTree = "<group>";
		};
/* End PBXVariantGroup section */

/* Begin XCBuildConfiguration section */
		902F02D328CA4C85006BB929 /* Debug */ = {
			isa = XCBuildConfiguration;
			buildSettings = {
				ALWAYS_SEARCH_USER_PATHS = NO;
				CLANG_ANALYZER_NONNULL = YES;
				CLANG_ANALYZER_NUMBER_OBJECT_CONVERSION = YES_AGGRESSIVE;
				CLANG_CXX_LANGUAGE_STANDARD = "gnu++17";
				CLANG_ENABLE_MODULES = YES;
				CLANG_ENABLE_OBJC_ARC = YES;
				CLANG_ENABLE_OBJC_WEAK = YES;
				CLANG_WARN_BLOCK_CAPTURE_AUTORELEASING = YES;
				CLANG_WARN_BOOL_CONVERSION = YES;
				CLANG_WARN_COMMA = YES;
				CLANG_WARN_CONSTANT_CONVERSION = YES;
				CLANG_WARN_DEPRECATED_OBJC_IMPLEMENTATIONS = YES;
				CLANG_WARN_DIRECT_OBJC_ISA_USAGE = YES_ERROR;
				CLANG_WARN_DOCUMENTATION_COMMENTS = YES;
				CLANG_WARN_EMPTY_BODY = YES;
				CLANG_WARN_ENUM_CONVERSION = YES;
				CLANG_WARN_INFINITE_RECURSION = YES;
				CLANG_WARN_INT_CONVERSION = YES;
				CLANG_WARN_NON_LITERAL_NULL_CONVERSION = YES;
				CLANG_WARN_OBJC_IMPLICIT_RETAIN_SELF = YES;
				CLANG_WARN_OBJC_LITERAL_CONVERSION = YES;
				CLANG_WARN_OBJC_ROOT_CLASS = YES_ERROR;
				CLANG_WARN_QUOTED_INCLUDE_IN_FRAMEWORK_HEADER = YES;
				CLANG_WARN_RANGE_LOOP_ANALYSIS = YES;
				CLANG_WARN_STRICT_PROTOTYPES = YES;
				CLANG_WARN_SUSPICIOUS_MOVE = YES;
				CLANG_WARN_UNGUARDED_AVAILABILITY = YES_AGGRESSIVE;
				CLANG_WARN_UNREACHABLE_CODE = YES;
				CLANG_WARN__DUPLICATE_METHOD_MATCH = YES;
				COPY_PHASE_STRIP = NO;
				DEBUG_INFORMATION_FORMAT = dwarf;
				ENABLE_STRICT_OBJC_MSGSEND = YES;
				ENABLE_TESTABILITY = YES;
				GCC_C_LANGUAGE_STANDARD = gnu11;
				GCC_DYNAMIC_NO_PIC = NO;
				GCC_NO_COMMON_BLOCKS = YES;
				GCC_OPTIMIZATION_LEVEL = 0;
				GCC_PREPROCESSOR_DEFINITIONS = (
					"DEBUG=1",
					"$(inherited)",
				);
				GCC_WARN_64_TO_32_BIT_CONVERSION = YES;
				GCC_WARN_ABOUT_RETURN_TYPE = YES_ERROR;
				GCC_WARN_UNDECLARED_SELECTOR = YES;
				GCC_WARN_UNINITIALIZED_AUTOS = YES_AGGRESSIVE;
				GCC_WARN_UNUSED_FUNCTION = YES;
				GCC_WARN_UNUSED_VARIABLE = YES;
				IPHONEOS_DEPLOYMENT_TARGET = 15.5;
				MTL_ENABLE_DEBUG_INFO = INCLUDE_SOURCE;
				MTL_FAST_MATH = YES;
				ONLY_ACTIVE_ARCH = YES;
				SDKROOT = iphoneos;
				SWIFT_ACTIVE_COMPILATION_CONDITIONS = DEBUG;
				SWIFT_OPTIMIZATION_LEVEL = "-Onone";
			};
			name = Debug;
		};
		902F02D428CA4C85006BB929 /* Release */ = {
			isa = XCBuildConfiguration;
			buildSettings = {
				ALWAYS_SEARCH_USER_PATHS = NO;
				CLANG_ANALYZER_NONNULL = YES;
				CLANG_ANALYZER_NUMBER_OBJECT_CONVERSION = YES_AGGRESSIVE;
				CLANG_CXX_LANGUAGE_STANDARD = "gnu++17";
				CLANG_ENABLE_MODULES = YES;
				CLANG_ENABLE_OBJC_ARC = YES;
				CLANG_ENABLE_OBJC_WEAK = YES;
				CLANG_WARN_BLOCK_CAPTURE_AUTORELEASING = YES;
				CLANG_WARN_BOOL_CONVERSION = YES;
				CLANG_WARN_COMMA = YES;
				CLANG_WARN_CONSTANT_CONVERSION = YES;
				CLANG_WARN_DEPRECATED_OBJC_IMPLEMENTATIONS = YES;
				CLANG_WARN_DIRECT_OBJC_ISA_USAGE = YES_ERROR;
				CLANG_WARN_DOCUMENTATION_COMMENTS = YES;
				CLANG_WARN_EMPTY_BODY = YES;
				CLANG_WARN_ENUM_CONVERSION = YES;
				CLANG_WARN_INFINITE_RECURSION = YES;
				CLANG_WARN_INT_CONVERSION = YES;
				CLANG_WARN_NON_LITERAL_NULL_CONVERSION = YES;
				CLANG_WARN_OBJC_IMPLICIT_RETAIN_SELF = YES;
				CLANG_WARN_OBJC_LITERAL_CONVERSION = YES;
				CLANG_WARN_OBJC_ROOT_CLASS = YES_ERROR;
				CLANG_WARN_QUOTED_INCLUDE_IN_FRAMEWORK_HEADER = YES;
				CLANG_WARN_RANGE_LOOP_ANALYSIS = YES;
				CLANG_WARN_STRICT_PROTOTYPES = YES;
				CLANG_WARN_SUSPICIOUS_MOVE = YES;
				CLANG_WARN_UNGUARDED_AVAILABILITY = YES_AGGRESSIVE;
				CLANG_WARN_UNREACHABLE_CODE = YES;
				CLANG_WARN__DUPLICATE_METHOD_MATCH = YES;
				COPY_PHASE_STRIP = NO;
				DEBUG_INFORMATION_FORMAT = "dwarf-with-dsym";
				ENABLE_NS_ASSERTIONS = NO;
				ENABLE_STRICT_OBJC_MSGSEND = YES;
				GCC_C_LANGUAGE_STANDARD = gnu11;
				GCC_NO_COMMON_BLOCKS = YES;
				GCC_WARN_64_TO_32_BIT_CONVERSION = YES;
				GCC_WARN_ABOUT_RETURN_TYPE = YES_ERROR;
				GCC_WARN_UNDECLARED_SELECTOR = YES;
				GCC_WARN_UNINITIALIZED_AUTOS = YES_AGGRESSIVE;
				GCC_WARN_UNUSED_FUNCTION = YES;
				GCC_WARN_UNUSED_VARIABLE = YES;
				IPHONEOS_DEPLOYMENT_TARGET = 15.5;
				MTL_ENABLE_DEBUG_INFO = NO;
				MTL_FAST_MATH = YES;
				SDKROOT = iphoneos;
				SWIFT_COMPILATION_MODE = wholemodule;
				SWIFT_OPTIMIZATION_LEVEL = "-O";
				VALIDATE_PRODUCT = YES;
			};
			name = Release;
		};
		902F02D628CA4C85006BB929 /* Debug */ = {
			isa = XCBuildConfiguration;
			buildSettings = {
				ASSETCATALOG_COMPILER_APPICON_NAME = AppIcon;
				ASSETCATALOG_COMPILER_GLOBAL_ACCENT_COLOR_NAME = AccentColor;
				CODE_SIGN_STYLE = Automatic;
				CURRENT_PROJECT_VERSION = 1;
				GENERATE_INFOPLIST_FILE = YES;
				INFOPLIST_FILE = APOD/Info.plist;
				INFOPLIST_KEY_UIApplicationSupportsIndirectInputEvents = YES;
				INFOPLIST_KEY_UILaunchStoryboardName = LaunchScreen;
				INFOPLIST_KEY_UIMainStoryboardFile = Main;
				INFOPLIST_KEY_UISupportedInterfaceOrientations_iPad = "UIInterfaceOrientationPortrait UIInterfaceOrientationPortraitUpsideDown UIInterfaceOrientationLandscapeLeft UIInterfaceOrientationLandscapeRight";
				INFOPLIST_KEY_UISupportedInterfaceOrientations_iPhone = "UIInterfaceOrientationPortrait UIInterfaceOrientationLandscapeLeft UIInterfaceOrientationLandscapeRight";
				LD_RUNPATH_SEARCH_PATHS = (
					"$(inherited)",
					"@executable_path/Frameworks",
				);
				MARKETING_VERSION = 1.0;
				PRODUCT_BUNDLE_IDENTIFIER = com.maveric.citi.APOD;
				PRODUCT_NAME = "$(TARGET_NAME)";
				SWIFT_EMIT_LOC_STRINGS = YES;
				SWIFT_VERSION = 5.0;
				TARGETED_DEVICE_FAMILY = "1,2";
			};
			name = Debug;
		};
		902F02D728CA4C85006BB929 /* Release */ = {
			isa = XCBuildConfiguration;
			buildSettings = {
				ASSETCATALOG_COMPILER_APPICON_NAME = AppIcon;
				ASSETCATALOG_COMPILER_GLOBAL_ACCENT_COLOR_NAME = AccentColor;
				CODE_SIGN_STYLE = Automatic;
				CURRENT_PROJECT_VERSION = 1;
				GENERATE_INFOPLIST_FILE = YES;
				INFOPLIST_FILE = APOD/Info.plist;
				INFOPLIST_KEY_UIApplicationSupportsIndirectInputEvents = YES;
				INFOPLIST_KEY_UILaunchStoryboardName = LaunchScreen;
				INFOPLIST_KEY_UIMainStoryboardFile = Main;
				INFOPLIST_KEY_UISupportedInterfaceOrientations_iPad = "UIInterfaceOrientationPortrait UIInterfaceOrientationPortraitUpsideDown UIInterfaceOrientationLandscapeLeft UIInterfaceOrientationLandscapeRight";
				INFOPLIST_KEY_UISupportedInterfaceOrientations_iPhone = "UIInterfaceOrientationPortrait UIInterfaceOrientationLandscapeLeft UIInterfaceOrientationLandscapeRight";
				LD_RUNPATH_SEARCH_PATHS = (
					"$(inherited)",
					"@executable_path/Frameworks",
				);
				MARKETING_VERSION = 1.0;
				PRODUCT_BUNDLE_IDENTIFIER = com.maveric.citi.APOD;
				PRODUCT_NAME = "$(TARGET_NAME)";
				SWIFT_EMIT_LOC_STRINGS = YES;
				SWIFT_VERSION = 5.0;
				TARGETED_DEVICE_FAMILY = "1,2";
			};
			name = Release;
		};
		902F02D928CA4C85006BB929 /* Debug */ = {
			isa = XCBuildConfiguration;
			buildSettings = {
				ALWAYS_EMBED_SWIFT_STANDARD_LIBRARIES = YES;
				BUNDLE_LOADER = "$(TEST_HOST)";
				CODE_SIGN_STYLE = Automatic;
				CURRENT_PROJECT_VERSION = 1;
				GENERATE_INFOPLIST_FILE = YES;
				IPHONEOS_DEPLOYMENT_TARGET = 15.5;
				MARKETING_VERSION = 1.0;
				PRODUCT_BUNDLE_IDENTIFIER = com.maveric.citi.APODTests;
				PRODUCT_NAME = "$(TARGET_NAME)";
				SWIFT_EMIT_LOC_STRINGS = NO;
				SWIFT_VERSION = 5.0;
				TARGETED_DEVICE_FAMILY = "1,2";
				TEST_HOST = "$(BUILT_PRODUCTS_DIR)/APOD.app/APOD";
			};
			name = Debug;
		};
		902F02DA28CA4C85006BB929 /* Release */ = {
			isa = XCBuildConfiguration;
			buildSettings = {
				ALWAYS_EMBED_SWIFT_STANDARD_LIBRARIES = YES;
				BUNDLE_LOADER = "$(TEST_HOST)";
				CODE_SIGN_STYLE = Automatic;
				CURRENT_PROJECT_VERSION = 1;
				GENERATE_INFOPLIST_FILE = YES;
				IPHONEOS_DEPLOYMENT_TARGET = 15.5;
				MARKETING_VERSION = 1.0;
				PRODUCT_BUNDLE_IDENTIFIER = com.maveric.citi.APODTests;
				PRODUCT_NAME = "$(TARGET_NAME)";
				SWIFT_EMIT_LOC_STRINGS = NO;
				SWIFT_VERSION = 5.0;
				TARGETED_DEVICE_FAMILY = "1,2";
				TEST_HOST = "$(BUILT_PRODUCTS_DIR)/APOD.app/APOD";
			};
			name = Release;
		};
		902F02DC28CA4C85006BB929 /* Debug */ = {
			isa = XCBuildConfiguration;
			buildSettings = {
				ALWAYS_EMBED_SWIFT_STANDARD_LIBRARIES = YES;
				CODE_SIGN_STYLE = Automatic;
				CURRENT_PROJECT_VERSION = 1;
				GENERATE_INFOPLIST_FILE = YES;
				MARKETING_VERSION = 1.0;
				PRODUCT_BUNDLE_IDENTIFIER = com.maveric.citi.APODUITests;
				PRODUCT_NAME = "$(TARGET_NAME)";
				SWIFT_EMIT_LOC_STRINGS = NO;
				SWIFT_VERSION = 5.0;
				TARGETED_DEVICE_FAMILY = "1,2";
				TEST_TARGET_NAME = APOD;
			};
			name = Debug;
		};
		902F02DD28CA4C85006BB929 /* Release */ = {
			isa = XCBuildConfiguration;
			buildSettings = {
				ALWAYS_EMBED_SWIFT_STANDARD_LIBRARIES = YES;
				CODE_SIGN_STYLE = Automatic;
				CURRENT_PROJECT_VERSION = 1;
				GENERATE_INFOPLIST_FILE = YES;
				MARKETING_VERSION = 1.0;
				PRODUCT_BUNDLE_IDENTIFIER = com.maveric.citi.APODUITests;
				PRODUCT_NAME = "$(TARGET_NAME)";
				SWIFT_EMIT_LOC_STRINGS = NO;
				SWIFT_VERSION = 5.0;
				TARGETED_DEVICE_FAMILY = "1,2";
				TEST_TARGET_NAME = APOD;
			};
			name = Release;
		};
/* End XCBuildConfiguration section */

/* Begin XCConfigurationList section */
		902F02A628CA4C81006BB929 /* Build configuration list for PBXProject "APOD" */ = {
			isa = XCConfigurationList;
			buildConfigurations = (
				902F02D328CA4C85006BB929 /* Debug */,
				902F02D428CA4C85006BB929 /* Release */,
			);
			defaultConfigurationIsVisible = 0;
			defaultConfigurationName = Release;
		};
		902F02D528CA4C85006BB929 /* Build configuration list for PBXNativeTarget "APOD" */ = {
			isa = XCConfigurationList;
			buildConfigurations = (
				902F02D628CA4C85006BB929 /* Debug */,
				902F02D728CA4C85006BB929 /* Release */,
			);
			defaultConfigurationIsVisible = 0;
			defaultConfigurationName = Release;
		};
		902F02D828CA4C85006BB929 /* Build configuration list for PBXNativeTarget "APODTests" */ = {
			isa = XCConfigurationList;
			buildConfigurations = (
				902F02D928CA4C85006BB929 /* Debug */,
				902F02DA28CA4C85006BB929 /* Release */,
			);
			defaultConfigurationIsVisible = 0;
			defaultConfigurationName = Release;
		};
		902F02DB28CA4C85006BB929 /* Build configuration list for PBXNativeTarget "APODUITests" */ = {
			isa = XCConfigurationList;
			buildConfigurations = (
				902F02DC28CA4C85006BB929 /* Debug */,
				902F02DD28CA4C85006BB929 /* Release */,
			);
			defaultConfigurationIsVisible = 0;
			defaultConfigurationName = Release;
		};
/* End XCConfigurationList section */

/* Begin XCVersionGroup section */
		902F031428CB9F4E006BB929 /* Model.xcdatamodeld */ = {
			isa = XCVersionGroup;
			children = (
				902F031528CB9F4E006BB929 /* Favourites.xcdatamodel */,
			);
			currentVersion = 902F031528CB9F4E006BB929 /* Favourites.xcdatamodel */;
			path = Model.xcdatamodeld;
			sourceTree = "<group>";
			versionGroupType = wrapper.xcdatamodel;
		};
/* End XCVersionGroup section */
	};
	rootObject = 902F02A328CA4C81006BB929 /* Project object */;
}
